
Microsoft Visual Studio Solution File, Format Version 12.00
# Visual Studio Version 16
VisualStudioVersion = 16.0.33027.164
MinimumVisualStudioVersion = 10.0.40219.1
Project("{FAE04EC0-301F-11D3-BF4B-00C04F79EFBC}") = "ElectricityBillCalculator", "ElectricityBillCalculator\ElectricityBillCalculator.csproj", "{B5DEF703-1CE1-4ECD-837F-DF27E0BE7386}"
EndProject
Global
	GlobalSection(SolutionConfigurationPlatforms) = preSolution
		Debug|Any CPU = Debug|Any CPU
		Release|Any CPU = Release|Any CPU
	EndGlobalSection
	GlobalSection(ProjectConfigurationPlatforms) = postSolution
		{B5DEF703-1CE1-4ECD-837F-DF27E0BE7386}.Debug|Any CPU.ActiveCfg = Debug|Any CPU
		{B5DEF703-1CE1-4ECD-837F-DF27E0BE7386}.Debug|Any CPU.Build.0 = Debug|Any CPU
		{B5DEF703-1CE1-4ECD-837F-DF27E0BE7386}.Release|Any CPU.ActiveCfg = Release|Any CPU
		{B5DEF703-1CE1-4ECD-837F-DF27E0BE7386}.Release|Any CPU.Build.0 = Release|Any CPU
	EndGlobalSection
	GlobalSection(SolutionProperties) = preSolution
		HideSolutionNode = FALSE
	EndGlobalSection
	GlobalSection(ExtensibilityGlobals) = postSolution
		SolutionGuid = {CAB744A3-573B-46EF-AC36-1DC7A9F988DA}
	EndGlobalSection
EndGlobal
